github.com/brianvoe/gofakeit/v6 v6.23.0 h1:pgVhyWpYq4e0GEVCh2gdZnS/nBX+8SnyTBliHg5xjks=
github.com/brianvoe/gofakeit/v6 v6.23.0/go.mod h1:Ow6qC71xtwm79anlwKRlWZW6zVq9D2XHE4QSSMP/rU8=
github.com/goombaio/namegenerator v0.0.0-20181006234301-989e774b106e h1:XmA6L9IPRdUr28a+SK/oMchGgQy159wvzXA5tJ7l+40=
github.com/goombaio/namegenerator v0.0.0-20181006234301-989e774b106e/go.mod h1:AFIo+02s+12CEg8Gzz9kzhCbmbq6JcKNrhHffCGA9z4=
github.com/iancoleman/strcase v0.3.0 h1:nTXanmYxhfFAMjZL34Ov6gkzEsSJZ5DbhxWjvSASxEI=
github.com/iancoleman/strcase v0.3.0/go.mod h1:iwCmte+B7n89clKwxIoIXy/HfoL7AsD47ZCWhYzw7ho=
